
Microsoft Visual Studio Solution File, Format Version 12.00
# Visual Studio Version 16
VisualStudioVersion = 16.0.30523.141
MinimumVisualStudioVersion = 10.0.40219.1
Project("{FAE04EC0-301F-11D3-BF4B-00C04F79EFBC}") = "SimpleImageParser", "SimpleImageParser\SimpleImageParser.csproj", "{EB02BC8E-B07F-4E7B-A032-E1C491BECB6F}"
EndProject
Global
	GlobalSection(SolutionConfigurationPlatforms) = preSolution
		Debug|Any CPU = Debug|Any CPU
		Release|Any CPU = Release|Any CPU
	EndGlobalSection
	GlobalSection(ProjectConfigurationPlatforms) = postSolution
		{EB02BC8E-B07F-4E7B-A032-E1C491BECB6F}.Debug|Any CPU.ActiveCfg = Debug|Any CPU
		{EB02BC8E-B07F-4E7B-A032-E1C491BECB6F}.Debug|Any CPU.Build.0 = Debug|Any CPU
		{EB02BC8E-B07F-4E7B-A032-E1C491BECB6F}.Release|Any CPU.ActiveCfg = Release|Any CPU
		{EB02BC8E-B07F-4E7B-A032-E1C491BECB6F}.Release|Any CPU.Build.0 = Release|Any CPU
	EndGlobalSection
	GlobalSection(SolutionProperties) = preSolution
		HideSolutionNode = FALSE
	EndGlobalSection
	GlobalSection(ExtensibilityGlobals) = postSolution
		SolutionGuid = {CD347D32-D665-42E0-88AD-2AC4239C7C97}
	EndGlobalSection
EndGlobal
